// !$*UTF8*$!
{
	archiveVersion = 1;
	classes = {
	};
	objectVersion = 52;
	objects = {

/* Begin PBXBuildFile section */
		FD2C80B426FC02910030C275 /* AppDelegate.swift in Sources */ = {isa = PBXBuildFile; fileRef = FD2C80B326FC02910030C275 /* AppDelegate.swift */; };
		FD2C80B626FC02910030C275 /* SceneDelegate.swift in Sources */ = {isa = PBXBuildFile; fileRef = FD2C80B526FC02910030C275 /* SceneDelegate.swift */; };
		FD2C80BD26FC02930030C275 /* Assets.xcassets in Resources */ = {isa = PBXBuildFile; fileRef = FD2C80BC26FC02930030C275 /* Assets.xcassets */; };
		FD2C80C026FC02930030C275 /* LaunchScreen.storyboard in Resources */ = {isa = PBXBuildFile; fileRef = FD2C80BE26FC02930030C275 /* LaunchScreen.storyboard */; };
		FD2C80CB26FC02930030C275 /* CocktailAppTests.swift in Sources */ = {isa = PBXBuildFile; fileRef = FD2C80CA26FC02930030C275 /* CocktailAppTests.swift */; };
		FD2C80D626FC02930030C275 /* CocktailAppUITests.swift in Sources */ = {isa = PBXBuildFile; fileRef = FD2C80D526FC02930030C275 /* CocktailAppUITests.swift */; };
		FD58A9B726FC09B9001E6D4C /* RootRouter.swift in Sources */ = {isa = PBXBuildFile; fileRef = FD58A9B326FC09B9001E6D4C /* RootRouter.swift */; };
		FD58A9B826FC09B9001E6D4C /* RootViewController.swift in Sources */ = {isa = PBXBuildFile; fileRef = FD58A9B426FC09B9001E6D4C /* RootViewController.swift */; };
		FD58A9B926FC09B9001E6D4C /* RootBuilder.swift in Sources */ = {isa = PBXBuildFile; fileRef = FD58A9B526FC09B9001E6D4C /* RootBuilder.swift */; };
		FD58A9BA26FC09B9001E6D4C /* RootInteractor.swift in Sources */ = {isa = PBXBuildFile; fileRef = FD58A9B626FC09B9001E6D4C /* RootInteractor.swift */; };
		FD5E8B322703F3CB00BEF943 /* keys.plist in Resources */ = {isa = PBXBuildFile; fileRef = FD5E8B312703F3CB00BEF943 /* keys.plist */; };
		FD5E8B392704069900BEF943 /* MainRouter.swift in Sources */ = {isa = PBXBuildFile; fileRef = FD5E8B352704069900BEF943 /* MainRouter.swift */; };
		FD5E8B3A2704069900BEF943 /* MainViewController.swift in Sources */ = {isa = PBXBuildFile; fileRef = FD5E8B362704069900BEF943 /* MainViewController.swift */; };
		FD5E8B3B2704069900BEF943 /* MainBuilder.swift in Sources */ = {isa = PBXBuildFile; fileRef = FD5E8B372704069900BEF943 /* MainBuilder.swift */; };
		FD5E8B3C2704069900BEF943 /* MainInteractor.swift in Sources */ = {isa = PBXBuildFile; fileRef = FD5E8B382704069900BEF943 /* MainInteractor.swift */; };
		FD5E8B3E27040A0300BEF943 /* MainComponent+.swift in Sources */ = {isa = PBXBuildFile; fileRef = FD5E8B3D27040A0300BEF943 /* MainComponent+.swift */; };
		FD5E8B4027043FEB00BEF943 /* CocktailTableViewCell.swift in Sources */ = {isa = PBXBuildFile; fileRef = FD5E8B3F27043FEB00BEF943 /* CocktailTableViewCell.swift */; };
		FD611B062702C08000B04164 /* UITableViewExtension.swift in Sources */ = {isa = PBXBuildFile; fileRef = FD611B052702C08000B04164 /* UITableViewExtension.swift */; };
		FD611B092702F5F400B04164 /* RIBs in Frameworks */ = {isa = PBXBuildFile; productRef = FD611B082702F5F400B04164 /* RIBs */; };
		FD611B0C2702F65800B04164 /* RxSwift in Frameworks */ = {isa = PBXBuildFile; productRef = FD611B0B2702F65800B04164 /* RxSwift */; };
		FD611B0E2702F65800B04164 /* RxCocoa in Frameworks */ = {isa = PBXBuildFile; productRef = FD611B0D2702F65800B04164 /* RxCocoa */; };
		FD611B102702F65800B04164 /* RxRelay in Frameworks */ = {isa = PBXBuildFile; productRef = FD611B0F2702F65800B04164 /* RxRelay */; };
		FD611B132702F69600B04164 /* SnapKit in Frameworks */ = {isa = PBXBuildFile; productRef = FD611B122702F69600B04164 /* SnapKit */; };
		FD611B1D2702F75000B04164 /* Kingfisher in Frameworks */ = {isa = PBXBuildFile; productRef = FD611B1C2702F75000B04164 /* Kingfisher */; };
		FD611B202702F76A00B04164 /* Then in Frameworks */ = {isa = PBXBuildFile; productRef = FD611B1F2702F76A00B04164 /* Then */; };
		FD611B232702F77C00B04164 /* TagListView in Frameworks */ = {isa = PBXBuildFile; productRef = FD611B222702F77C00B04164 /* TagListView */; };
		FD611B292702F86F00B04164 /* Moya in Frameworks */ = {isa = PBXBuildFile; productRef = FD611B282702F86F00B04164 /* Moya */; };
		FD611B2B2702F86F00B04164 /* RxMoya in Frameworks */ = {isa = PBXBuildFile; productRef = FD611B2A2702F86F00B04164 /* RxMoya */; };
		FD6AF00B2706A01600C67E66 /* ViewableRoutingExtension.swift in Sources */ = {isa = PBXBuildFile; fileRef = FD6AF00A2706A01600C67E66 /* ViewableRoutingExtension.swift */; };
		FD8BC21C26FD500500C35BE8 /* Constant.swift in Sources */ = {isa = PBXBuildFile; fileRef = FD8BC21B26FD500500C35BE8 /* Constant.swift */; };
		FD8BC21F26FD508C00C35BE8 /* CocktailAPI.swift in Sources */ = {isa = PBXBuildFile; fileRef = FD8BC21E26FD508C00C35BE8 /* CocktailAPI.swift */; };
		FD8BC22426FD5A3000C35BE8 /* CocktailRepository.swift in Sources */ = {isa = PBXBuildFile; fileRef = FD8BC22326FD5A3000C35BE8 /* CocktailRepository.swift */; };
		FD8BC22626FD5BD100C35BE8 /* CocktailResponse.swift in Sources */ = {isa = PBXBuildFile; fileRef = FD8BC22526FD5BD100C35BE8 /* CocktailResponse.swift */; };
		FD8BC23026FD9EC300C35BE8 /* IndexPathExtension.swift in Sources */ = {isa = PBXBuildFile; fileRef = FD8BC22F26FD9EC300C35BE8 /* IndexPathExtension.swift */; };
		FD8BC23826FDBBCE00C35BE8 /* UIColorExtension.swift in Sources */ = {isa = PBXBuildFile; fileRef = FD8BC23726FDBBCE00C35BE8 /* UIColorExtension.swift */; };
		FD9787D9270153DF0078244F /* CocktailDetailRouter.swift in Sources */ = {isa = PBXBuildFile; fileRef = FD9787D5270153DF0078244F /* CocktailDetailRouter.swift */; };
		FD9787DA270153DF0078244F /* CocktailDetailViewController.swift in Sources */ = {isa = PBXBuildFile; fileRef = FD9787D6270153DF0078244F /* CocktailDetailViewController.swift */; };
		FD9787DB270153DF0078244F /* CocktailDetailBuilder.swift in Sources */ = {isa = PBXBuildFile; fileRef = FD9787D7270153DF0078244F /* CocktailDetailBuilder.swift */; };
		FD9787DC270153DF0078244F /* CocktailDetailInteractor.swift in Sources */ = {isa = PBXBuildFile; fileRef = FD9787D8270153DF0078244F /* CocktailDetailInteractor.swift */; };
		FD9787DE270165800078244F /* CocktailListComponent+CocktailDetail.swift in Sources */ = {isa = PBXBuildFile; fileRef = FD9787DD270165800078244F /* CocktailListComponent+CocktailDetail.swift */; };
		FD9787E0270186C50078244F /* ViewControllableExtension.swift in Sources */ = {isa = PBXBuildFile; fileRef = FD9787DF270186C50078244F /* ViewControllableExtension.swift */; };
		FD9787E22701A2860078244F /* UIImageViewExtension.swift in Sources */ = {isa = PBXBuildFile; fileRef = FD9787E12701A2860078244F /* UIImageViewExtension.swift */; };
		FD9787E42701B2DB0078244F /* IngredientTableViewCell.swift in Sources */ = {isa = PBXBuildFile; fileRef = FD9787E32701B2DB0078244F /* IngredientTableViewCell.swift */; };
		FDACFB5A26FC0DD900D8C683 /* AppComponent.swift in Sources */ = {isa = PBXBuildFile; fileRef = FDACFB5926FC0DD900D8C683 /* AppComponent.swift */; };
		FDACFB6C26FC3BE800D8C683 /* CocktailListRouter.swift in Sources */ = {isa = PBXBuildFile; fileRef = FDACFB6826FC3BE800D8C683 /* CocktailListRouter.swift */; };
		FDACFB6D26FC3BE800D8C683 /* CocktailListViewController.swift in Sources */ = {isa = PBXBuildFile; fileRef = FDACFB6926FC3BE800D8C683 /* CocktailListViewController.swift */; };
		FDACFB6E26FC3BE800D8C683 /* CocktailListBuilder.swift in Sources */ = {isa = PBXBuildFile; fileRef = FDACFB6A26FC3BE800D8C683 /* CocktailListBuilder.swift */; };
		FDACFB6F26FC3BE800D8C683 /* CocktailListInteractor.swift in Sources */ = {isa = PBXBuildFile; fileRef = FDACFB6B26FC3BE800D8C683 /* CocktailListInteractor.swift */; };
		FDACFB7126FC3C1100D8C683 /* RootComponent+Main.swift in Sources */ = {isa = PBXBuildFile; fileRef = FDACFB7026FC3C1100D8C683 /* RootComponent+Main.swift */; };
		FDACFB7426FC59D100D8C683 /* Cocktail.swift in Sources */ = {isa = PBXBuildFile; fileRef = FDACFB7326FC59D100D8C683 /* Cocktail.swift */; };
		FDBE85C227055624000F8627 /* SearchPageRouter.swift in Sources */ = {isa = PBXBuildFile; fileRef = FDBE85BE27055624000F8627 /* SearchPageRouter.swift */; };
		FDBE85C327055624000F8627 /* SearchPageViewController.swift in Sources */ = {isa = PBXBuildFile; fileRef = FDBE85BF27055624000F8627 /* SearchPageViewController.swift */; };
		FDBE85C427055624000F8627 /* SearchPageBuilder.swift in Sources */ = {isa = PBXBuildFile; fileRef = FDBE85C027055624000F8627 /* SearchPageBuilder.swift */; };
		FDBE85C527055624000F8627 /* SearchPageInteractor.swift in Sources */ = {isa = PBXBuildFile; fileRef = FDBE85C127055624000F8627 /* SearchPageInteractor.swift */; };
		FDBE85CD27055973000F8627 /* SearchNameRouter.swift in Sources */ = {isa = PBXBuildFile; fileRef = FDBE85C927055973000F8627 /* SearchNameRouter.swift */; };
		FDBE85CE27055973000F8627 /* SearchNameViewController.swift in Sources */ = {isa = PBXBuildFile; fileRef = FDBE85CA27055973000F8627 /* SearchNameViewController.swift */; };
		FDBE85CF27055973000F8627 /* SearchNameBuilder.swift in Sources */ = {isa = PBXBuildFile; fileRef = FDBE85CB27055973000F8627 /* SearchNameBuilder.swift */; };
		FDBE85D027055973000F8627 /* SearchNameInteractor.swift in Sources */ = {isa = PBXBuildFile; fileRef = FDBE85CC27055973000F8627 /* SearchNameInteractor.swift */; };
		FDBE85D527055996000F8627 /* SearchConditionRouter.swift in Sources */ = {isa = PBXBuildFile; fileRef = FDBE85D127055996000F8627 /* SearchConditionRouter.swift */; };
		FDBE85D627055996000F8627 /* SearchConditionViewController.swift in Sources */ = {isa = PBXBuildFile; fileRef = FDBE85D227055996000F8627 /* SearchConditionViewController.swift */; };
		FDBE85D727055996000F8627 /* SearchConditionBuilder.swift in Sources */ = {isa = PBXBuildFile; fileRef = FDBE85D327055996000F8627 /* SearchConditionBuilder.swift */; };
		FDBE85D827055996000F8627 /* SearchConditionInteractor.swift in Sources */ = {isa = PBXBuildFile; fileRef = FDBE85D427055996000F8627 /* SearchConditionInteractor.swift */; };
		FDBE85DA270559A6000F8627 /* SearchPageComponent+.swift in Sources */ = {isa = PBXBuildFile; fileRef = FDBE85D9270559A6000F8627 /* SearchPageComponent+.swift */; };
		FDBE85E0270581C2000F8627 /* UnderlineSegmentedControl.swift in Sources */ = {isa = PBXBuildFile; fileRef = FDBE85DF270581C2000F8627 /* UnderlineSegmentedControl.swift */; };
		FDBE85E32705B32E000F8627 /* BuglessPageViewController.swift in Sources */ = {isa = PBXBuildFile; fileRef = FDBE85E22705B32E000F8627 /* BuglessPageViewController.swift */; };
/* End PBXBuildFile section */

/* Begin PBXContainerItemProxy section */
		FD2C80C726FC02930030C275 /* PBXContainerItemProxy */ = {
			isa = PBXContainerItemProxy;
			containerPortal = FD2C80A826FC02910030C275 /* Project object */;
			proxyType = 1;
			remoteGlobalIDString = FD2C80AF26FC02910030C275;
			remoteInfo = CocktailApp;
		};
		FD2C80D226FC02930030C275 /* PBXContainerItemProxy */ = {
			isa = PBXContainerItemProxy;
			containerPortal = FD2C80A826FC02910030C275 /* Project object */;
			proxyType = 1;
			remoteGlobalIDString = FD2C80AF26FC02910030C275;
			remoteInfo = CocktailApp;
		};
/* End PBXContainerItemProxy section */

/* Begin PBXFileReference section */
		FD2C80B026FC02910030C275 /* CocktailApp.app */ = {isa = PBXFileReference; explicitFileType = wrapper.application; includeInIndex = 0; path = CocktailApp.app; sourceTree = BUILT_PRODUCTS_DIR; };
		FD2C80B326FC02910030C275 /* AppDelegate.swift */ = {isa = PBXFileReference; lastKnownFileType = sourcecode.swift; path = AppDelegate.swift; sourceTree = "<group>"; };
		FD2C80B526FC02910030C275 /* SceneDelegate.swift */ = {isa = PBXFileReference; lastKnownFileType = sourcecode.swift; path = SceneDelegate.swift; sourceTree = "<group>"; };
		FD2C80BC26FC02930030C275 /* Assets.xcassets */ = {isa = PBXFileReference; lastKnownFileType = folder.assetcatalog; path = Assets.xcassets; sourceTree = "<group>"; };
		FD2C80BF26FC02930030C275 /* Base */ = {isa = PBXFileReference; lastKnownFileType = file.storyboard; name = Base; path = Base.lproj/LaunchScreen.storyboard; sourceTree = "<group>"; };
		FD2C80C126FC02930030C275 /* Info.plist */ = {isa = PBXFileReference; lastKnownFileType = text.plist.xml; path = Info.plist; sourceTree = "<group>"; };
		FD2C80C626FC02930030C275 /* CocktailAppTests.xctest */ = {isa = PBXFileReference; explicitFileType = wrapper.cfbundle; includeInIndex = 0; path = CocktailAppTests.xctest; sourceTree = BUILT_PRODUCTS_DIR; };
		FD2C80CA26FC02930030C275 /* CocktailAppTests.swift */ = {isa = PBXFileReference; lastKnownFileType = sourcecode.swift; path = CocktailAppTests.swift; sourceTree = "<group>"; };
		FD2C80CC26FC02930030C275 /* Info.plist */ = {isa = PBXFileReference; lastKnownFileType = text.plist.xml; path = Info.plist; sourceTree = "<group>"; };
		FD2C80D126FC02930030C275 /* CocktailAppUITests.xctest */ = {isa = PBXFileReference; explicitFileType = wrapper.cfbundle; includeInIndex = 0; path = CocktailAppUITests.xctest; sourceTree = BUILT_PRODUCTS_DIR; };
		FD2C80D526FC02930030C275 /* CocktailAppUITests.swift */ = {isa = PBXFileReference; lastKnownFileType = sourcecode.swift; path = CocktailAppUITests.swift; sourceTree = "<group>"; };
		FD2C80D726FC02930030C275 /* Info.plist */ = {isa = PBXFileReference; lastKnownFileType = text.plist.xml; path = Info.plist; sourceTree = "<group>"; };
		FD58A9B326FC09B9001E6D4C /* RootRouter.swift */ = {isa = PBXFileReference; lastKnownFileType = sourcecode.swift; path = RootRouter.swift; sourceTree = "<group>"; };
		FD58A9B426FC09B9001E6D4C /* RootViewController.swift */ = {isa = PBXFileReference; lastKnownFileType = sourcecode.swift; path = RootViewController.swift; sourceTree = "<group>"; };
		FD58A9B526FC09B9001E6D4C /* RootBuilder.swift */ = {isa = PBXFileReference; lastKnownFileType = sourcecode.swift; path = RootBuilder.swift; sourceTree = "<group>"; };
		FD58A9B626FC09B9001E6D4C /* RootInteractor.swift */ = {isa = PBXFileReference; lastKnownFileType = sourcecode.swift; path = RootInteractor.swift; sourceTree = "<group>"; };
		FD5E8B312703F3CB00BEF943 /* keys.plist */ = {isa = PBXFileReference; lastKnownFileType = text.plist.xml; path = keys.plist; sourceTree = "<group>"; };
		FD5E8B352704069900BEF943 /* MainRouter.swift */ = {isa = PBXFileReference; lastKnownFileType = sourcecode.swift; path = MainRouter.swift; sourceTree = "<group>"; };
		FD5E8B362704069900BEF943 /* MainViewController.swift */ = {isa = PBXFileReference; lastKnownFileType = sourcecode.swift; path = MainViewController.swift; sourceTree = "<group>"; };
		FD5E8B372704069900BEF943 /* MainBuilder.swift */ = {isa = PBXFileReference; lastKnownFileType = sourcecode.swift; path = MainBuilder.swift; sourceTree = "<group>"; };
		FD5E8B382704069900BEF943 /* MainInteractor.swift */ = {isa = PBXFileReference; lastKnownFileType = sourcecode.swift; path = MainInteractor.swift; sourceTree = "<group>"; };
		FD5E8B3D27040A0300BEF943 /* MainComponent+.swift */ = {isa = PBXFileReference; lastKnownFileType = sourcecode.swift; path = "MainComponent+.swift"; sourceTree = "<group>"; };
		FD5E8B3F27043FEB00BEF943 /* CocktailTableViewCell.swift */ = {isa = PBXFileReference; lastKnownFileType = sourcecode.swift; path = CocktailTableViewCell.swift; sourceTree = "<group>"; };
		FD611B052702C08000B04164 /* UITableViewExtension.swift */ = {isa = PBXFileReference; lastKnownFileType = sourcecode.swift; path = UITableViewExtension.swift; sourceTree = "<group>"; };
		FD6AF00A2706A01600C67E66 /* ViewableRoutingExtension.swift */ = {isa = PBXFileReference; lastKnownFileType = sourcecode.swift; path = ViewableRoutingExtension.swift; sourceTree = "<group>"; };
		FD8BC21B26FD500500C35BE8 /* Constant.swift */ = {isa = PBXFileReference; lastKnownFileType = sourcecode.swift; path = Constant.swift; sourceTree = "<group>"; };
		FD8BC21E26FD508C00C35BE8 /* CocktailAPI.swift */ = {isa = PBXFileReference; lastKnownFileType = sourcecode.swift; path = CocktailAPI.swift; sourceTree = "<group>"; };
		FD8BC22326FD5A3000C35BE8 /* CocktailRepository.swift */ = {isa = PBXFileReference; lastKnownFileType = sourcecode.swift; path = CocktailRepository.swift; sourceTree = "<group>"; };
		FD8BC22526FD5BD100C35BE8 /* CocktailResponse.swift */ = {isa = PBXFileReference; lastKnownFileType = sourcecode.swift; path = CocktailResponse.swift; sourceTree = "<group>"; };
		FD8BC22F26FD9EC300C35BE8 /* IndexPathExtension.swift */ = {isa = PBXFileReference; lastKnownFileType = sourcecode.swift; path = IndexPathExtension.swift; sourceTree = "<group>"; };
		FD8BC23726FDBBCE00C35BE8 /* UIColorExtension.swift */ = {isa = PBXFileReference; lastKnownFileType = sourcecode.swift; path = UIColorExtension.swift; sourceTree = "<group>"; };
		FD9787D5270153DF0078244F /* CocktailDetailRouter.swift */ = {isa = PBXFileReference; lastKnownFileType = sourcecode.swift; path = CocktailDetailRouter.swift; sourceTree = "<group>"; };
		FD9787D6270153DF0078244F /* CocktailDetailViewController.swift */ = {isa = PBXFileReference; lastKnownFileType = sourcecode.swift; path = CocktailDetailViewController.swift; sourceTree = "<group>"; };
		FD9787D7270153DF0078244F /* CocktailDetailBuilder.swift */ = {isa = PBXFileReference; lastKnownFileType = sourcecode.swift; path = CocktailDetailBuilder.swift; sourceTree = "<group>"; };
		FD9787D8270153DF0078244F /* CocktailDetailInteractor.swift */ = {isa = PBXFileReference; lastKnownFileType = sourcecode.swift; path = CocktailDetailInteractor.swift; sourceTree = "<group>"; };
		FD9787DD270165800078244F /* CocktailListComponent+CocktailDetail.swift */ = {isa = PBXFileReference; lastKnownFileType = sourcecode.swift; path = "CocktailListComponent+CocktailDetail.swift"; sourceTree = "<group>"; };
		FD9787DF270186C50078244F /* ViewControllableExtension.swift */ = {isa = PBXFileReference; lastKnownFileType = sourcecode.swift; path = ViewControllableExtension.swift; sourceTree = "<group>"; };
		FD9787E12701A2860078244F /* UIImageViewExtension.swift */ = {isa = PBXFileReference; lastKnownFileType = sourcecode.swift; path = UIImageViewExtension.swift; sourceTree = "<group>"; };
		FD9787E32701B2DB0078244F /* IngredientTableViewCell.swift */ = {isa = PBXFileReference; lastKnownFileType = sourcecode.swift; path = IngredientTableViewCell.swift; sourceTree = "<group>"; };
		FDACFB5926FC0DD900D8C683 /* AppComponent.swift */ = {isa = PBXFileReference; lastKnownFileType = sourcecode.swift; path = AppComponent.swift; sourceTree = "<group>"; };
		FDACFB6826FC3BE800D8C683 /* CocktailListRouter.swift */ = {isa = PBXFileReference; lastKnownFileType = sourcecode.swift; path = CocktailListRouter.swift; sourceTree = "<group>"; };
		FDACFB6926FC3BE800D8C683 /* CocktailListViewController.swift */ = {isa = PBXFileReference; lastKnownFileType = sourcecode.swift; path = CocktailListViewController.swift; sourceTree = "<group>"; };
		FDACFB6A26FC3BE800D8C683 /* CocktailListBuilder.swift */ = {isa = PBXFileReference; lastKnownFileType = sourcecode.swift; path = CocktailListBuilder.swift; sourceTree = "<group>"; };
		FDACFB6B26FC3BE800D8C683 /* CocktailListInteractor.swift */ = {isa = PBXFileReference; lastKnownFileType = sourcecode.swift; path = CocktailListInteractor.swift; sourceTree = "<group>"; };
		FDACFB7026FC3C1100D8C683 /* RootComponent+Main.swift */ = {isa = PBXFileReference; lastKnownFileType = sourcecode.swift; path = "RootComponent+Main.swift"; sourceTree = "<group>"; };
		FDACFB7326FC59D100D8C683 /* Cocktail.swift */ = {isa = PBXFileReference; lastKnownFileType = sourcecode.swift; path = Cocktail.swift; sourceTree = "<group>"; };
		FDBE85BE27055624000F8627 /* SearchPageRouter.swift */ = {isa = PBXFileReference; lastKnownFileType = sourcecode.swift; path = SearchPageRouter.swift; sourceTree = "<group>"; };
		FDBE85BF27055624000F8627 /* SearchPageViewController.swift */ = {isa = PBXFileReference; lastKnownFileType = sourcecode.swift; path = SearchPageViewController.swift; sourceTree = "<group>"; };
		FDBE85C027055624000F8627 /* SearchPageBuilder.swift */ = {isa = PBXFileReference; lastKnownFileType = sourcecode.swift; path = SearchPageBuilder.swift; sourceTree = "<group>"; };
		FDBE85C127055624000F8627 /* SearchPageInteractor.swift */ = {isa = PBXFileReference; lastKnownFileType = sourcecode.swift; path = SearchPageInteractor.swift; sourceTree = "<group>"; };
		FDBE85C927055973000F8627 /* SearchNameRouter.swift */ = {isa = PBXFileReference; lastKnownFileType = sourcecode.swift; path = SearchNameRouter.swift; sourceTree = "<group>"; };
		FDBE85CA27055973000F8627 /* SearchNameViewController.swift */ = {isa = PBXFileReference; lastKnownFileType = sourcecode.swift; path = SearchNameViewController.swift; sourceTree = "<group>"; };
		FDBE85CB27055973000F8627 /* SearchNameBuilder.swift */ = {isa = PBXFileReference; lastKnownFileType = sourcecode.swift; path = SearchNameBuilder.swift; sourceTree = "<group>"; };
		FDBE85CC27055973000F8627 /* SearchNameInteractor.swift */ = {isa = PBXFileReference; lastKnownFileType = sourcecode.swift; path = SearchNameInteractor.swift; sourceTree = "<group>"; };
		FDBE85D127055996000F8627 /* SearchConditionRouter.swift */ = {isa = PBXFileReference; lastKnownFileType = sourcecode.swift; path = SearchConditionRouter.swift; sourceTree = "<group>"; };
		FDBE85D227055996000F8627 /* SearchConditionViewController.swift */ = {isa = PBXFileReference; lastKnownFileType = sourcecode.swift; path = SearchConditionViewController.swift; sourceTree = "<group>"; };
		FDBE85D327055996000F8627 /* SearchConditionBuilder.swift */ = {isa = PBXFileReference; lastKnownFileType = sourcecode.swift; path = SearchConditionBuilder.swift; sourceTree = "<group>"; };
		FDBE85D427055996000F8627 /* SearchConditionInteractor.swift */ = {isa = PBXFileReference; lastKnownFileType = sourcecode.swift; path = SearchConditionInteractor.swift; sourceTree = "<group>"; };
		FDBE85D9270559A6000F8627 /* SearchPageComponent+.swift */ = {isa = PBXFileReference; lastKnownFileType = sourcecode.swift; path = "SearchPageComponent+.swift"; sourceTree = "<group>"; };
		FDBE85DF270581C2000F8627 /* UnderlineSegmentedControl.swift */ = {isa = PBXFileReference; lastKnownFileType = sourcecode.swift; path = UnderlineSegmentedControl.swift; sourceTree = "<group>"; };
		FDBE85E22705B32E000F8627 /* BuglessPageViewController.swift */ = {isa = PBXFileReference; lastKnownFileType = sourcecode.swift; path = BuglessPageViewController.swift; sourceTree = "<group>"; };
/* End PBXFileReference section */

/* Begin PBXFrameworksBuildPhase section */
		FD2C80AD26FC02910030C275 /* Frameworks */ = {
			isa = PBXFrameworksBuildPhase;
			buildActionMask = 2147483647;
			files = (
				FD611B2B2702F86F00B04164 /* RxMoya in Frameworks */,
				FD611B0E2702F65800B04164 /* RxCocoa in Frameworks */,
				FD611B0C2702F65800B04164 /* RxSwift in Frameworks */,
				FD611B292702F86F00B04164 /* Moya in Frameworks */,
				FD611B1D2702F75000B04164 /* Kingfisher in Frameworks */,
				FD611B232702F77C00B04164 /* TagListView in Frameworks */,
				FD611B102702F65800B04164 /* RxRelay in Frameworks */,
				FD611B202702F76A00B04164 /* Then in Frameworks */,
				FD611B092702F5F400B04164 /* RIBs in Frameworks */,
				FD611B132702F69600B04164 /* SnapKit in Frameworks */,
			);
			runOnlyForDeploymentPostprocessing = 0;
		};
		FD2C80C326FC02930030C275 /* Frameworks */ = {
			isa = PBXFrameworksBuildPhase;
			buildActionMask = 2147483647;
			files = (
			);
			runOnlyForDeploymentPostprocessing = 0;
		};
		FD2C80CE26FC02930030C275 /* Frameworks */ = {
			isa = PBXFrameworksBuildPhase;
			buildActionMask = 2147483647;
			files = (
			);
			runOnlyForDeploymentPostprocessing = 0;
		};
/* End PBXFrameworksBuildPhase section */

/* Begin PBXGroup section */
		FD2C80A726FC02910030C275 = {
			isa = PBXGroup;
			children = (
				FD2C80B226FC02910030C275 /* CocktailApp */,
				FD2C80C926FC02930030C275 /* CocktailAppTests */,
				FD2C80D426FC02930030C275 /* CocktailAppUITests */,
				FD2C80B126FC02910030C275 /* Products */,
			);
			sourceTree = "<group>";
		};
		FD2C80B126FC02910030C275 /* Products */ = {
			isa = PBXGroup;
			children = (
				FD2C80B026FC02910030C275 /* CocktailApp.app */,
				FD2C80C626FC02930030C275 /* CocktailAppTests.xctest */,
				FD2C80D126FC02930030C275 /* CocktailAppUITests.xctest */,
			);
			name = Products;
			sourceTree = "<group>";
		};
		FD2C80B226FC02910030C275 /* CocktailApp */ = {
			isa = PBXGroup;
			children = (
				FD2C80E326FC029A0030C275 /* App */,
				FD2C80BE26FC02930030C275 /* LaunchScreen.storyboard */,
				FD8BC21A26FD4FAC00C35BE8 /* Common */,
				FD8BC22E26FD9E9200C35BE8 /* Extension */,
				FDACFB7226FC580400D8C683 /* Model */,
				FD8BC21926FD4F7000C35BE8 /* Network */,
				FD8BC22226FD5A0D00C35BE8 /* Repository */,
				FD2C80E426FC02E10030C275 /* Resources */,
				FD58A9B126FC05B3001E6D4C /* RIBs */,
				FD8BC22826FD852800C35BE8 /* View */,
				FDBE85E12705B30D000F8627 /* ViewController */,
			);
			path = CocktailApp;
			sourceTree = "<group>";
		};
		FD2C80C926FC02930030C275 /* CocktailAppTests */ = {
			isa = PBXGroup;
			children = (
				FD2C80CA26FC02930030C275 /* CocktailAppTests.swift */,
				FD2C80CC26FC02930030C275 /* Info.plist */,
			);
			path = CocktailAppTests;
			sourceTree = "<group>";
		};
		FD2C80D426FC02930030C275 /* CocktailAppUITests */ = {
			isa = PBXGroup;
			children = (
				FD2C80D526FC02930030C275 /* CocktailAppUITests.swift */,
				FD2C80D726FC02930030C275 /* Info.plist */,
			);
			path = CocktailAppUITests;
			sourceTree = "<group>";
		};
		FD2C80E326FC029A0030C275 /* App */ = {
			isa = PBXGroup;
			children = (
				FD2C80B326FC02910030C275 /* AppDelegate.swift */,
				FD2C80B526FC02910030C275 /* SceneDelegate.swift */,
				FDACFB5926FC0DD900D8C683 /* AppComponent.swift */,
				FD2C80C126FC02930030C275 /* Info.plist */,
			);
			path = App;
			sourceTree = "<group>";
		};
		FD2C80E426FC02E10030C275 /* Resources */ = {
			isa = PBXGroup;
			children = (
				FD2C80BC26FC02930030C275 /* Assets.xcassets */,
			);
			path = Resources;
			sourceTree = "<group>";
		};
		FD58A9B126FC05B3001E6D4C /* RIBs */ = {
			isa = PBXGroup;
			children = (
				FD9787D4270153C10078244F /* CocktailDetailRIB */,
				FDACFB6726FC3BC900D8C683 /* CocktailListRIB */,
				FD5E8B332704067E00BEF943 /* MainRIB */,
				FD58A9B226FC09AB001E6D4C /* RootRIB */,
				FDBE85BC27055506000F8627 /* Search */,
			);
			path = RIBs;
			sourceTree = "<group>";
		};
		FD58A9B226FC09AB001E6D4C /* RootRIB */ = {
			isa = PBXGroup;
			children = (
				FD58A9B326FC09B9001E6D4C /* RootRouter.swift */,
				FD58A9B426FC09B9001E6D4C /* RootViewController.swift */,
				FD58A9B526FC09B9001E6D4C /* RootBuilder.swift */,
				FD58A9B626FC09B9001E6D4C /* RootInteractor.swift */,
				FDACFB7026FC3C1100D8C683 /* RootComponent+Main.swift */,
			);
			path = RootRIB;
			sourceTree = "<group>";
		};
		FD5E8B332704067E00BEF943 /* MainRIB */ = {
			isa = PBXGroup;
			children = (
				FD5E8B352704069900BEF943 /* MainRouter.swift */,
				FD5E8B362704069900BEF943 /* MainViewController.swift */,
				FD5E8B372704069900BEF943 /* MainBuilder.swift */,
				FD5E8B382704069900BEF943 /* MainInteractor.swift */,
				FD5E8B3D27040A0300BEF943 /* MainComponent+.swift */,
			);
			path = MainRIB;
			sourceTree = "<group>";
		};
		FD8BC21926FD4F7000C35BE8 /* Network */ = {
			isa = PBXGroup;
			children = (
				FD8BC21D26FD500C00C35BE8 /* API */,
			);
			path = Network;
			sourceTree = "<group>";
		};
		FD8BC21A26FD4FAC00C35BE8 /* Common */ = {
			isa = PBXGroup;
			children = (
				FD8BC21B26FD500500C35BE8 /* Constant.swift */,
				FD5E8B312703F3CB00BEF943 /* keys.plist */,
			);
			path = Common;
			sourceTree = "<group>";
		};
		FD8BC21D26FD500C00C35BE8 /* API */ = {
			isa = PBXGroup;
			children = (
				FD8BC21E26FD508C00C35BE8 /* CocktailAPI.swift */,
			);
			path = API;
			sourceTree = "<group>";
		};
		FD8BC22226FD5A0D00C35BE8 /* Repository */ = {
			isa = PBXGroup;
			children = (
				FD8BC22326FD5A3000C35BE8 /* CocktailRepository.swift */,
			);
			path = Repository;
			sourceTree = "<group>";
		};
		FD8BC22726FD5DFB00C35BE8 /* Response */ = {
			isa = PBXGroup;
			children = (
				FD8BC22526FD5BD100C35BE8 /* CocktailResponse.swift */,
			);
			path = Response;
			sourceTree = "<group>";
		};
		FD8BC22826FD852800C35BE8 /* View */ = {
			isa = PBXGroup;
			children = (
				FD8BC22926FD855900C35BE8 /* Cell */,
				FDBE85DF270581C2000F8627 /* UnderlineSegmentedControl.swift */,
			);
			path = View;
			sourceTree = "<group>";
		};
		FD8BC22926FD855900C35BE8 /* Cell */ = {
			isa = PBXGroup;
			children = (
				FD9787E32701B2DB0078244F /* IngredientTableViewCell.swift */,
				FD5E8B3F27043FEB00BEF943 /* CocktailTableViewCell.swift */,
			);
			path = Cell;
			sourceTree = "<group>";
		};
		FD8BC22E26FD9E9200C35BE8 /* Extension */ = {
			isa = PBXGroup;
			children = (
				FD8BC22F26FD9EC300C35BE8 /* IndexPathExtension.swift */,
				FD8BC23726FDBBCE00C35BE8 /* UIColorExtension.swift */,
				FD9787E12701A2860078244F /* UIImageViewExtension.swift */,
				FD611B052702C08000B04164 /* UITableViewExtension.swift */,
				FD9787DF270186C50078244F /* ViewControllableExtension.swift */,
				FD6AF00A2706A01600C67E66 /* ViewableRoutingExtension.swift */,
			);
			path = Extension;
			sourceTree = "<group>";
		};
		FD9787D4270153C10078244F /* CocktailDetailRIB */ = {
			isa = PBXGroup;
			children = (
				FD9787D5270153DF0078244F /* CocktailDetailRouter.swift */,
				FD9787D6270153DF0078244F /* CocktailDetailViewController.swift */,
				FD9787D7270153DF0078244F /* CocktailDetailBuilder.swift */,
				FD9787D8270153DF0078244F /* CocktailDetailInteractor.swift */,
			);
			path = CocktailDetailRIB;
			sourceTree = "<group>";
		};
		FDACFB6726FC3BC900D8C683 /* CocktailListRIB */ = {
			isa = PBXGroup;
			children = (
				FDACFB6826FC3BE800D8C683 /* CocktailListRouter.swift */,
				FDACFB6926FC3BE800D8C683 /* CocktailListViewController.swift */,
				FDACFB6A26FC3BE800D8C683 /* CocktailListBuilder.swift */,
				FD9787DD270165800078244F /* CocktailListComponent+CocktailDetail.swift */,
				FDACFB6B26FC3BE800D8C683 /* CocktailListInteractor.swift */,
			);
			path = CocktailListRIB;
			sourceTree = "<group>";
		};
		FDACFB7226FC580400D8C683 /* Model */ = {
			isa = PBXGroup;
			children = (
				FD8BC22726FD5DFB00C35BE8 /* Response */,
				FDACFB7326FC59D100D8C683 /* Cocktail.swift */,
			);
			path = Model;
			sourceTree = "<group>";
		};
		FDBE85BC27055506000F8627 /* Search */ = {
			isa = PBXGroup;
			children = (
				FDBE85C727055956000F8627 /* SearchConditionRIB */,
				FDBE85C62705594A000F8627 /* SearchNameRIB */,
				FDBE85BD27055525000F8627 /* SearchPageRIB */,
			);
			path = Search;
			sourceTree = "<group>";
		};
		FDBE85BD27055525000F8627 /* SearchPageRIB */ = {
			isa = PBXGroup;
			children = (
				FDBE85BE27055624000F8627 /* SearchPageRouter.swift */,
				FDBE85D9270559A6000F8627 /* SearchPageComponent+.swift */,
				FDBE85BF27055624000F8627 /* SearchPageViewController.swift */,
				FDBE85C027055624000F8627 /* SearchPageBuilder.swift */,
				FDBE85C127055624000F8627 /* SearchPageInteractor.swift */,
			);
			path = SearchPageRIB;
			sourceTree = "<group>";
		};
		FDBE85C62705594A000F8627 /* SearchNameRIB */ = {
			isa = PBXGroup;
			children = (
				FDBE85C927055973000F8627 /* SearchNameRouter.swift */,
				FDBE85CA27055973000F8627 /* SearchNameViewController.swift */,
				FDBE85CB27055973000F8627 /* SearchNameBuilder.swift */,
				FDBE85CC27055973000F8627 /* SearchNameInteractor.swift */,
			);
			path = SearchNameRIB;
			sourceTree = "<group>";
		};
		FDBE85C727055956000F8627 /* SearchConditionRIB */ = {
			isa = PBXGroup;
			children = (
				FDBE85D127055996000F8627 /* SearchConditionRouter.swift */,
				FDBE85D227055996000F8627 /* SearchConditionViewController.swift */,
				FDBE85D327055996000F8627 /* SearchConditionBuilder.swift */,
				FDBE85D427055996000F8627 /* SearchConditionInteractor.swift */,
			);
			path = SearchConditionRIB;
			sourceTree = "<group>";
		};
		FDBE85E12705B30D000F8627 /* ViewController */ = {
			isa = PBXGroup;
			children = (
				FDBE85E22705B32E000F8627 /* BuglessPageViewController.swift */,
			);
			path = ViewController;
			sourceTree = "<group>";
		};
/* End PBXGroup section */

/* Begin PBXNativeTarget section */
		FD2C80AF26FC02910030C275 /* CocktailApp */ = {
			isa = PBXNativeTarget;
			buildConfigurationList = FD2C80DA26FC02930030C275 /* Build configuration list for PBXNativeTarget "CocktailApp" */;
			buildPhases = (
				FD2C80AC26FC02910030C275 /* Sources */,
				FD2C80AD26FC02910030C275 /* Frameworks */,
				FD2C80AE26FC02910030C275 /* Resources */,
			);
			buildRules = (
			);
			dependencies = (
			);
			name = CocktailApp;
			packageProductDependencies = (
				FD611B082702F5F400B04164 /* RIBs */,
				FD611B0B2702F65800B04164 /* RxSwift */,
				FD611B0D2702F65800B04164 /* RxCocoa */,
				FD611B0F2702F65800B04164 /* RxRelay */,
				FD611B122702F69600B04164 /* SnapKit */,
				FD611B1C2702F75000B04164 /* Kingfisher */,
				FD611B1F2702F76A00B04164 /* Then */,
				FD611B222702F77C00B04164 /* TagListView */,
				FD611B282702F86F00B04164 /* Moya */,
				FD611B2A2702F86F00B04164 /* RxMoya */,
			);
			productName = CocktailApp;
			productReference = FD2C80B026FC02910030C275 /* CocktailApp.app */;
			productType = "com.apple.product-type.application";
		};
		FD2C80C526FC02930030C275 /* CocktailAppTests */ = {
			isa = PBXNativeTarget;
			buildConfigurationList = FD2C80DD26FC02930030C275 /* Build configuration list for PBXNativeTarget "CocktailAppTests" */;
			buildPhases = (
				FD2C80C226FC02930030C275 /* Sources */,
				FD2C80C326FC02930030C275 /* Frameworks */,
				FD2C80C426FC02930030C275 /* Resources */,
			);
			buildRules = (
			);
			dependencies = (
				FD2C80C826FC02930030C275 /* PBXTargetDependency */,
			);
			name = CocktailAppTests;
			productName = CocktailAppTests;
			productReference = FD2C80C626FC02930030C275 /* CocktailAppTests.xctest */;
			productType = "com.apple.product-type.bundle.unit-test";
		};
		FD2C80D026FC02930030C275 /* CocktailAppUITests */ = {
			isa = PBXNativeTarget;
			buildConfigurationList = FD2C80E026FC02930030C275 /* Build configuration list for PBXNativeTarget "CocktailAppUITests" */;
			buildPhases = (
				FD2C80CD26FC02930030C275 /* Sources */,
				FD2C80CE26FC02930030C275 /* Frameworks */,
				FD2C80CF26FC02930030C275 /* Resources */,
			);
			buildRules = (
			);
			dependencies = (
				FD2C80D326FC02930030C275 /* PBXTargetDependency */,
			);
			name = CocktailAppUITests;
			productName = CocktailAppUITests;
			productReference = FD2C80D126FC02930030C275 /* CocktailAppUITests.xctest */;
			productType = "com.apple.product-type.bundle.ui-testing";
		};
/* End PBXNativeTarget section */

/* Begin PBXProject section */
		FD2C80A826FC02910030C275 /* Project object */ = {
			isa = PBXProject;
			attributes = {
				LastSwiftUpdateCheck = 1250;
				LastUpgradeCheck = 1250;
				TargetAttributes = {
					FD2C80AF26FC02910030C275 = {
						CreatedOnToolsVersion = 12.5.1;
					};
					FD2C80C526FC02930030C275 = {
						CreatedOnToolsVersion = 12.5.1;
						TestTargetID = FD2C80AF26FC02910030C275;
					};
					FD2C80D026FC02930030C275 = {
						CreatedOnToolsVersion = 12.5.1;
						TestTargetID = FD2C80AF26FC02910030C275;
					};
				};
			};
			buildConfigurationList = FD2C80AB26FC02910030C275 /* Build configuration list for PBXProject "CocktailApp" */;
			compatibilityVersion = "Xcode 9.3";
			developmentRegion = en;
			hasScannedForEncodings = 0;
			knownRegions = (
				en,
				Base,
			);
			mainGroup = FD2C80A726FC02910030C275;
			packageReferences = (
				FD611B072702F5F400B04164 /* XCRemoteSwiftPackageReference "RIBs" */,
				FD611B0A2702F65800B04164 /* XCRemoteSwiftPackageReference "RxSwift" */,
				FD611B112702F69600B04164 /* XCRemoteSwiftPackageReference "SnapKit" */,
				FD611B1B2702F75000B04164 /* XCRemoteSwiftPackageReference "Kingfisher" */,
				FD611B1E2702F76A00B04164 /* XCRemoteSwiftPackageReference "Then" */,
				FD611B212702F77C00B04164 /* XCRemoteSwiftPackageReference "TagListView" */,
				FD611B272702F86F00B04164 /* XCRemoteSwiftPackageReference "Moya" */,
			);
			productRefGroup = FD2C80B126FC02910030C275 /* Products */;
			projectDirPath = "";
			projectRoot = "";
			targets = (
				FD2C80AF26FC02910030C275 /* CocktailApp */,
				FD2C80C526FC02930030C275 /* CocktailAppTests */,
				FD2C80D026FC02930030C275 /* CocktailAppUITests */,
			);
		};
/* End PBXProject section */

/* Begin PBXResourcesBuildPhase section */
		FD2C80AE26FC02910030C275 /* Resources */ = {
			isa = PBXResourcesBuildPhase;
			buildActionMask = 2147483647;
			files = (
				FD2C80C026FC02930030C275 /* LaunchScreen.storyboard in Resources */,
				FD2C80BD26FC02930030C275 /* Assets.xcassets in Resources */,
				FD5E8B322703F3CB00BEF943 /* keys.plist in Resources */,
			);
			runOnlyForDeploymentPostprocessing = 0;
		};
		FD2C80C426FC02930030C275 /* Resources */ = {
			isa = PBXResourcesBuildPhase;
			buildActionMask = 2147483647;
			files = (
			);
			runOnlyForDeploymentPostprocessing = 0;
		};
		FD2C80CF26FC02930030C275 /* Resources */ = {
			isa = PBXResourcesBuildPhase;
			buildActionMask = 2147483647;
			files = (
			);
			runOnlyForDeploymentPostprocessing = 0;
		};
/* End PBXResourcesBuildPhase section */

/* Begin PBXSourcesBuildPhase section */
		FD2C80AC26FC02910030C275 /* Sources */ = {
			isa = PBXSourcesBuildPhase;
			buildActionMask = 2147483647;
			files = (
				FD5E8B4027043FEB00BEF943 /* CocktailTableViewCell.swift in Sources */,
				FDBE85D727055996000F8627 /* SearchConditionBuilder.swift in Sources */,
				FD58A9B826FC09B9001E6D4C /* RootViewController.swift in Sources */,
				FD9787E22701A2860078244F /* UIImageViewExtension.swift in Sources */,
				FD9787DC270153DF0078244F /* CocktailDetailInteractor.swift in Sources */,
				FDBE85CD27055973000F8627 /* SearchNameRouter.swift in Sources */,
				FDBE85DA270559A6000F8627 /* SearchPageComponent+.swift in Sources */,
				FDBE85D527055996000F8627 /* SearchConditionRouter.swift in Sources */,
				FD5E8B392704069900BEF943 /* MainRouter.swift in Sources */,
				FDBE85C227055624000F8627 /* SearchPageRouter.swift in Sources */,
				FD9787DA270153DF0078244F /* CocktailDetailViewController.swift in Sources */,
				FD8BC21F26FD508C00C35BE8 /* CocktailAPI.swift in Sources */,
				FDBE85D627055996000F8627 /* SearchConditionViewController.swift in Sources */,
				FDBE85E0270581C2000F8627 /* UnderlineSegmentedControl.swift in Sources */,
				FDBE85D027055973000F8627 /* SearchNameInteractor.swift in Sources */,
				FD6AF00B2706A01600C67E66 /* ViewableRoutingExtension.swift in Sources */,
				FD9787DB270153DF0078244F /* CocktailDetailBuilder.swift in Sources */,
				FDBE85CF27055973000F8627 /* SearchNameBuilder.swift in Sources */,
				FDACFB6E26FC3BE800D8C683 /* CocktailListBuilder.swift in Sources */,
				FDBE85D827055996000F8627 /* SearchConditionInteractor.swift in Sources */,
				FD58A9B726FC09B9001E6D4C /* RootRouter.swift in Sources */,
				FD611B062702C08000B04164 /* UITableViewExtension.swift in Sources */,
				FDACFB6D26FC3BE800D8C683 /* CocktailListViewController.swift in Sources */,
				FD8BC22626FD5BD100C35BE8 /* CocktailResponse.swift in Sources */,
				FD5E8B3A2704069900BEF943 /* MainViewController.swift in Sources */,
				FDBE85C327055624000F8627 /* SearchPageViewController.swift in Sources */,
				FDACFB6C26FC3BE800D8C683 /* CocktailListRouter.swift in Sources */,
				FDACFB5A26FC0DD900D8C683 /* AppComponent.swift in Sources */,
				FD9787DE270165800078244F /* CocktailListComponent+CocktailDetail.swift in Sources */,
				FDACFB7426FC59D100D8C683 /* Cocktail.swift in Sources */,
				FD9787E0270186C50078244F /* ViewControllableExtension.swift in Sources */,
				FD8BC23826FDBBCE00C35BE8 /* UIColorExtension.swift in Sources */,
				FD9787E42701B2DB0078244F /* IngredientTableViewCell.swift in Sources */,
				FD8BC21C26FD500500C35BE8 /* Constant.swift in Sources */,
				FD58A9BA26FC09B9001E6D4C /* RootInteractor.swift in Sources */,
				FD8BC23026FD9EC300C35BE8 /* IndexPathExtension.swift in Sources */,
				FDBE85C427055624000F8627 /* SearchPageBuilder.swift in Sources */,
				FD9787D9270153DF0078244F /* CocktailDetailRouter.swift in Sources */,
				FD2C80B426FC02910030C275 /* AppDelegate.swift in Sources */,
				FDACFB6F26FC3BE800D8C683 /* CocktailListInteractor.swift in Sources */,
				FD2C80B626FC02910030C275 /* SceneDelegate.swift in Sources */,
				FDBE85C527055624000F8627 /* SearchPageInteractor.swift in Sources */,
				FD5E8B3E27040A0300BEF943 /* MainComponent+.swift in Sources */,
				FDBE85E32705B32E000F8627 /* BuglessPageViewController.swift in Sources */,
				FD8BC22426FD5A3000C35BE8 /* CocktailRepository.swift in Sources */,
				FD5E8B3C2704069900BEF943 /* MainInteractor.swift in Sources */,
				FD5E8B3B2704069900BEF943 /* MainBuilder.swift in Sources */,
				FDACFB7126FC3C1100D8C683 /* RootComponent+Main.swift in Sources */,
				FD58A9B926FC09B9001E6D4C /* RootBuilder.swift in Sources */,
				FDBE85CE27055973000F8627 /* SearchNameViewController.swift in Sources */,
			);
			runOnlyForDeploymentPostprocessing = 0;
		};
		FD2C80C226FC02930030C275 /* Sources */ = {
			isa = PBXSourcesBuildPhase;
			buildActionMask = 2147483647;
			files = (
				FD2C80CB26FC02930030C275 /* CocktailAppTests.swift in Sources */,
			);
			runOnlyForDeploymentPostprocessing = 0;
		};
		FD2C80CD26FC02930030C275 /* Sources */ = {
			isa = PBXSourcesBuildPhase;
			buildActionMask = 2147483647;
			files = (
				FD2C80D626FC02930030C275 /* CocktailAppUITests.swift in Sources */,
			);
			runOnlyForDeploymentPostprocessing = 0;
		};
/* End PBXSourcesBuildPhase section */

/* Begin PBXTargetDependency section */
		FD2C80C826FC02930030C275 /* PBXTargetDependency */ = {
			isa = PBXTargetDependency;
			target = FD2C80AF26FC02910030C275 /* CocktailApp */;
			targetProxy = FD2C80C726FC02930030C275 /* PBXContainerItemProxy */;
		};
		FD2C80D326FC02930030C275 /* PBXTargetDependency */ = {
			isa = PBXTargetDependency;
			target = FD2C80AF26FC02910030C275 /* CocktailApp */;
			targetProxy = FD2C80D226FC02930030C275 /* PBXContainerItemProxy */;
		};
/* End PBXTargetDependency section */

/* Begin PBXVariantGroup section */
		FD2C80BE26FC02930030C275 /* LaunchScreen.storyboard */ = {
			isa = PBXVariantGroup;
			children = (
				FD2C80BF26FC02930030C275 /* Base */,
			);
			name = LaunchScreen.storyboard;
			sourceTree = "<group>";
		};
/* End PBXVariantGroup section */

/* Begin XCBuildConfiguration section */
		FD2C80D826FC02930030C275 /* Debug */ = {
			isa = XCBuildConfiguration;
			buildSettings = {
				ALWAYS_SEARCH_USER_PATHS = NO;
				CLANG_ANALYZER_NONNULL = YES;
				CLANG_ANALYZER_NUMBER_OBJECT_CONVERSION = YES_AGGRESSIVE;
				CLANG_CXX_LANGUAGE_STANDARD = "gnu++14";
				CLANG_CXX_LIBRARY = "libc++";
				CLANG_ENABLE_MODULES = YES;
				CLANG_ENABLE_OBJC_ARC = YES;
				CLANG_ENABLE_OBJC_WEAK = YES;
				CLANG_WARN_BLOCK_CAPTURE_AUTORELEASING = YES;
				CLANG_WARN_BOOL_CONVERSION = YES;
				CLANG_WARN_COMMA = YES;
				CLANG_WARN_CONSTANT_CONVERSION = YES;
				CLANG_WARN_DEPRECATED_OBJC_IMPLEMENTATIONS = YES;
				CLANG_WARN_DIRECT_OBJC_ISA_USAGE = YES_ERROR;
				CLANG_WARN_DOCUMENTATION_COMMENTS = YES;
				CLANG_WARN_EMPTY_BODY = YES;
				CLANG_WARN_ENUM_CONVERSION = YES;
				CLANG_WARN_INFINITE_RECURSION = YES;
				CLANG_WARN_INT_CONVERSION = YES;
				CLANG_WARN_NON_LITERAL_NULL_CONVERSION = YES;
				CLANG_WARN_OBJC_IMPLICIT_RETAIN_SELF = YES;
				CLANG_WARN_OBJC_LITERAL_CONVERSION = YES;
				CLANG_WARN_OBJC_ROOT_CLASS = YES_ERROR;
				CLANG_WARN_QUOTED_INCLUDE_IN_FRAMEWORK_HEADER = YES;
				CLANG_WARN_RANGE_LOOP_ANALYSIS = YES;
				CLANG_WARN_STRICT_PROTOTYPES = YES;
				CLANG_WARN_SUSPICIOUS_MOVE = YES;
				CLANG_WARN_UNGUARDED_AVAILABILITY = YES_AGGRESSIVE;
				CLANG_WARN_UNREACHABLE_CODE = YES;
				CLANG_WARN__DUPLICATE_METHOD_MATCH = YES;
				COPY_PHASE_STRIP = NO;
				DEBUG_INFORMATION_FORMAT = dwarf;
				ENABLE_STRICT_OBJC_MSGSEND = YES;
				ENABLE_TESTABILITY = YES;
				GCC_C_LANGUAGE_STANDARD = gnu11;
				GCC_DYNAMIC_NO_PIC = NO;
				GCC_NO_COMMON_BLOCKS = YES;
				GCC_OPTIMIZATION_LEVEL = 0;
				GCC_PREPROCESSOR_DEFINITIONS = (
					"DEBUG=1",
					"$(inherited)",
				);
				GCC_WARN_64_TO_32_BIT_CONVERSION = YES;
				GCC_WARN_ABOUT_RETURN_TYPE = YES_ERROR;
				GCC_WARN_UNDECLARED_SELECTOR = YES;
				GCC_WARN_UNINITIALIZED_AUTOS = YES_AGGRESSIVE;
				GCC_WARN_UNUSED_FUNCTION = YES;
				GCC_WARN_UNUSED_VARIABLE = YES;
				IPHONEOS_DEPLOYMENT_TARGET = 14.5;
				MTL_ENABLE_DEBUG_INFO = INCLUDE_SOURCE;
				MTL_FAST_MATH = YES;
				ONLY_ACTIVE_ARCH = YES;
				SDKROOT = iphoneos;
				SWIFT_ACTIVE_COMPILATION_CONDITIONS = DEBUG;
				SWIFT_OPTIMIZATION_LEVEL = "-Onone";
			};
			name = Debug;
		};
		FD2C80D926FC02930030C275 /* Release */ = {
			isa = XCBuildConfiguration;
			buildSettings = {
				ALWAYS_SEARCH_USER_PATHS = NO;
				CLANG_ANALYZER_NONNULL = YES;
				CLANG_ANALYZER_NUMBER_OBJECT_CONVERSION = YES_AGGRESSIVE;
				CLANG_CXX_LANGUAGE_STANDARD = "gnu++14";
				CLANG_CXX_LIBRARY = "libc++";
				CLANG_ENABLE_MODULES = YES;
				CLANG_ENABLE_OBJC_ARC = YES;
				CLANG_ENABLE_OBJC_WEAK = YES;
				CLANG_WARN_BLOCK_CAPTURE_AUTORELEASING = YES;
				CLANG_WARN_BOOL_CONVERSION = YES;
				CLANG_WARN_COMMA = YES;
				CLANG_WARN_CONSTANT_CONVERSION = YES;
				CLANG_WARN_DEPRECATED_OBJC_IMPLEMENTATIONS = YES;
				CLANG_WARN_DIRECT_OBJC_ISA_USAGE = YES_ERROR;
				CLANG_WARN_DOCUMENTATION_COMMENTS = YES;
				CLANG_WARN_EMPTY_BODY = YES;
				CLANG_WARN_ENUM_CONVERSION = YES;
				CLANG_WARN_INFINITE_RECURSION = YES;
				CLANG_WARN_INT_CONVERSION = YES;
				CLANG_WARN_NON_LITERAL_NULL_CONVERSION = YES;
				CLANG_WARN_OBJC_IMPLICIT_RETAIN_SELF = YES;
				CLANG_WARN_OBJC_LITERAL_CONVERSION = YES;
				CLANG_WARN_OBJC_ROOT_CLASS = YES_ERROR;
				CLANG_WARN_QUOTED_INCLUDE_IN_FRAMEWORK_HEADER = YES;
				CLANG_WARN_RANGE_LOOP_ANALYSIS = YES;
				CLANG_WARN_STRICT_PROTOTYPES = YES;
				CLANG_WARN_SUSPICIOUS_MOVE = YES;
				CLANG_WARN_UNGUARDED_AVAILABILITY = YES_AGGRESSIVE;
				CLANG_WARN_UNREACHABLE_CODE = YES;
				CLANG_WARN__DUPLICATE_METHOD_MATCH = YES;
				COPY_PHASE_STRIP = NO;
				DEBUG_INFORMATION_FORMAT = "dwarf-with-dsym";
				ENABLE_NS_ASSERTIONS = NO;
				ENABLE_STRICT_OBJC_MSGSEND = YES;
				GCC_C_LANGUAGE_STANDARD = gnu11;
				GCC_NO_COMMON_BLOCKS = YES;
				GCC_WARN_64_TO_32_BIT_CONVERSION = YES;
				GCC_WARN_ABOUT_RETURN_TYPE = YES_ERROR;
				GCC_WARN_UNDECLARED_SELECTOR = YES;
				GCC_WARN_UNINITIALIZED_AUTOS = YES_AGGRESSIVE;
				GCC_WARN_UNUSED_FUNCTION = YES;
				GCC_WARN_UNUSED_VARIABLE = YES;
				IPHONEOS_DEPLOYMENT_TARGET = 14.5;
				MTL_ENABLE_DEBUG_INFO = NO;
				MTL_FAST_MATH = YES;
				SDKROOT = iphoneos;
				SWIFT_COMPILATION_MODE = wholemodule;
				SWIFT_OPTIMIZATION_LEVEL = "-O";
				VALIDATE_PRODUCT = YES;
			};
			name = Release;
		};
		FD2C80DB26FC02930030C275 /* Debug */ = {
			isa = XCBuildConfiguration;
			buildSettings = {
				ASSETCATALOG_COMPILER_APPICON_NAME = AppIcon;
				ASSETCATALOG_COMPILER_GLOBAL_ACCENT_COLOR_NAME = AccentColor;
				CODE_SIGN_STYLE = Automatic;
				DEVELOPMENT_TEAM = 76RZ8ND7HV;
				INFOPLIST_FILE = CocktailApp/App/Info.plist;
				LD_RUNPATH_SEARCH_PATHS = (
					"$(inherited)",
					"@executable_path/Frameworks",
				);
				PRODUCT_BUNDLE_IDENTIFIER = com.seok.CocktailApp;
				PRODUCT_NAME = "$(TARGET_NAME)";
				SWIFT_VERSION = 5.0;
				TARGETED_DEVICE_FAMILY = "1,2";
			};
			name = Debug;
		};
		FD2C80DC26FC02930030C275 /* Release */ = {
			isa = XCBuildConfiguration;
			buildSettings = {
				ASSETCATALOG_COMPILER_APPICON_NAME = AppIcon;
				ASSETCATALOG_COMPILER_GLOBAL_ACCENT_COLOR_NAME = AccentColor;
				CODE_SIGN_STYLE = Automatic;
				DEVELOPMENT_TEAM = 76RZ8ND7HV;
				INFOPLIST_FILE = CocktailApp/App/Info.plist;
				LD_RUNPATH_SEARCH_PATHS = (
					"$(inherited)",
					"@executable_path/Frameworks",
				);
				PRODUCT_BUNDLE_IDENTIFIER = com.seok.CocktailApp;
				PRODUCT_NAME = "$(TARGET_NAME)";
				SWIFT_VERSION = 5.0;
				TARGETED_DEVICE_FAMILY = "1,2";
			};
			name = Release;
		};
		FD2C80DE26FC02930030C275 /* Debug */ = {
			isa = XCBuildConfiguration;
			buildSettings = {
				ALWAYS_EMBED_SWIFT_STANDARD_LIBRARIES = YES;
				BUNDLE_LOADER = "$(TEST_HOST)";
				CODE_SIGN_STYLE = Automatic;
				DEVELOPMENT_TEAM = 76RZ8ND7HV;
				INFOPLIST_FILE = CocktailAppTests/Info.plist;
				IPHONEOS_DEPLOYMENT_TARGET = 14.5;
				LD_RUNPATH_SEARCH_PATHS = (
					"$(inherited)",
					"@executable_path/Frameworks",
					"@loader_path/Frameworks",
				);
				PRODUCT_BUNDLE_IDENTIFIER = com.seok.CocktailAppTests;
				PRODUCT_NAME = "$(TARGET_NAME)";
				SWIFT_VERSION = 5.0;
				TARGETED_DEVICE_FAMILY = "1,2";
				TEST_HOST = "$(BUILT_PRODUCTS_DIR)/CocktailApp.app/CocktailApp";
			};
			name = Debug;
		};
		FD2C80DF26FC02930030C275 /* Release */ = {
			isa = XCBuildConfiguration;
			buildSettings = {
				ALWAYS_EMBED_SWIFT_STANDARD_LIBRARIES = YES;
				BUNDLE_LOADER = "$(TEST_HOST)";
				CODE_SIGN_STYLE = Automatic;
				DEVELOPMENT_TEAM = 76RZ8ND7HV;
				INFOPLIST_FILE = CocktailAppTests/Info.plist;
				IPHONEOS_DEPLOYMENT_TARGET = 14.5;
				LD_RUNPATH_SEARCH_PATHS = (
					"$(inherited)",
					"@executable_path/Frameworks",
					"@loader_path/Frameworks",
				);
				PRODUCT_BUNDLE_IDENTIFIER = com.seok.CocktailAppTests;
				PRODUCT_NAME = "$(TARGET_NAME)";
				SWIFT_VERSION = 5.0;
				TARGETED_DEVICE_FAMILY = "1,2";
				TEST_HOST = "$(BUILT_PRODUCTS_DIR)/CocktailApp.app/CocktailApp";
			};
			name = Release;
		};
		FD2C80E126FC02930030C275 /* Debug */ = {
			isa = XCBuildConfiguration;
			buildSettings = {
				ALWAYS_EMBED_SWIFT_STANDARD_LIBRARIES = YES;
				CODE_SIGN_STYLE = Automatic;
				DEVELOPMENT_TEAM = 76RZ8ND7HV;
				INFOPLIST_FILE = CocktailAppUITests/Info.plist;
				LD_RUNPATH_SEARCH_PATHS = (
					"$(inherited)",
					"@executable_path/Frameworks",
					"@loader_path/Frameworks",
				);
				PRODUCT_BUNDLE_IDENTIFIER = com.seok.CocktailAppUITests;
				PRODUCT_NAME = "$(TARGET_NAME)";
				SWIFT_VERSION = 5.0;
				TARGETED_DEVICE_FAMILY = "1,2";
				TEST_TARGET_NAME = CocktailApp;
			};
			name = Debug;
		};
		FD2C80E226FC02930030C275 /* Release */ = {
			isa = XCBuildConfiguration;
			buildSettings = {
				ALWAYS_EMBED_SWIFT_STANDARD_LIBRARIES = YES;
				CODE_SIGN_STYLE = Automatic;
				DEVELOPMENT_TEAM = 76RZ8ND7HV;
				INFOPLIST_FILE = CocktailAppUITests/Info.plist;
				LD_RUNPATH_SEARCH_PATHS = (
					"$(inherited)",
					"@executable_path/Frameworks",
					"@loader_path/Frameworks",
				);
				PRODUCT_BUNDLE_IDENTIFIER = com.seok.CocktailAppUITests;
				PRODUCT_NAME = "$(TARGET_NAME)";
				SWIFT_VERSION = 5.0;
				TARGETED_DEVICE_FAMILY = "1,2";
				TEST_TARGET_NAME = CocktailApp;
			};
			name = Release;
		};
/* End XCBuildConfiguration section */

/* Begin XCConfigurationList section */
		FD2C80AB26FC02910030C275 /* Build configuration list for PBXProject "CocktailApp" */ = {
			isa = XCConfigurationList;
			buildConfigurations = (
				FD2C80D826FC02930030C275 /* Debug */,
				FD2C80D926FC02930030C275 /* Release */,
			);
			defaultConfigurationIsVisible = 0;
			defaultConfigurationName = Release;
		};
		FD2C80DA26FC02930030C275 /* Build configuration list for PBXNativeTarget "CocktailApp" */ = {
			isa = XCConfigurationList;
			buildConfigurations = (
				FD2C80DB26FC02930030C275 /* Debug */,
				FD2C80DC26FC02930030C275 /* Release */,
			);
			defaultConfigurationIsVisible = 0;
			defaultConfigurationName = Release;
		};
		FD2C80DD26FC02930030C275 /* Build configuration list for PBXNativeTarget "CocktailAppTests" */ = {
			isa = XCConfigurationList;
			buildConfigurations = (
				FD2C80DE26FC02930030C275 /* Debug */,
				FD2C80DF26FC02930030C275 /* Release */,
			);
			defaultConfigurationIsVisible = 0;
			defaultConfigurationName = Release;
		};
		FD2C80E026FC02930030C275 /* Build configuration list for PBXNativeTarget "CocktailAppUITests" */ = {
			isa = XCConfigurationList;
			buildConfigurations = (
				FD2C80E126FC02930030C275 /* Debug */,
				FD2C80E226FC02930030C275 /* Release */,
			);
			defaultConfigurationIsVisible = 0;
			defaultConfigurationName = Release;
		};
/* End XCConfigurationList section */

/* Begin XCRemoteSwiftPackageReference section */
		FD611B072702F5F400B04164 /* XCRemoteSwiftPackageReference "RIBs" */ = {
			isa = XCRemoteSwiftPackageReference;
			repositoryURL = "https://github.com/uber/RIBs.git";
			requirement = {
				kind = upToNextMajorVersion;
				minimumVersion = 0.11.3;
			};
		};
		FD611B0A2702F65800B04164 /* XCRemoteSwiftPackageReference "RxSwift" */ = {
			isa = XCRemoteSwiftPackageReference;
			repositoryURL = "https://github.com/ReactiveX/RxSwift.git";
			requirement = {
				kind = upToNextMajorVersion;
				minimumVersion = 6.2.0;
			};
		};
		FD611B112702F69600B04164 /* XCRemoteSwiftPackageReference "SnapKit" */ = {
			isa = XCRemoteSwiftPackageReference;
			repositoryURL = "https://github.com/SnapKit/SnapKit.git";
			requirement = {
				kind = upToNextMajorVersion;
				minimumVersion = 5.0.1;
			};
		};
		FD611B1B2702F75000B04164 /* XCRemoteSwiftPackageReference "Kingfisher" */ = {
			isa = XCRemoteSwiftPackageReference;
			repositoryURL = "https://github.com/onevcat/Kingfisher.git";
			requirement = {
				kind = upToNextMajorVersion;
				minimumVersion = 7.0.0;
			};
		};
		FD611B1E2702F76A00B04164 /* XCRemoteSwiftPackageReference "Then" */ = {
			isa = XCRemoteSwiftPackageReference;
			repositoryURL = "https://github.com/devxoul/Then.git";
			requirement = {
				kind = upToNextMajorVersion;
				minimumVersion = 2.7.0;
			};
		};
		FD611B212702F77C00B04164 /* XCRemoteSwiftPackageReference "TagListView" */ = {
			isa = XCRemoteSwiftPackageReference;
			repositoryURL = "https://github.com/ElaWorkshop/TagListView.git";
			requirement = {
				kind = upToNextMajorVersion;
				minimumVersion = 1.4.1;
			};
		};
		FD611B272702F86F00B04164 /* XCRemoteSwiftPackageReference "Moya" */ = {
			isa = XCRemoteSwiftPackageReference;
			repositoryURL = "https://github.com/Moya/Moya.git";
			requirement = {
				kind = upToNextMajorVersion;
				minimumVersion = 15.0.0;
			};
		};
/* End XCRemoteSwiftPackageReference section */

/* Begin XCSwiftPackageProductDependency section */
		FD611B082702F5F400B04164 /* RIBs */ = {
			isa = XCSwiftPackageProductDependency;
			package = FD611B072702F5F400B04164 /* XCRemoteSwiftPackageReference "RIBs" */;
			productName = RIBs;
		};
		FD611B0B2702F65800B04164 /* RxSwift */ = {
			isa = XCSwiftPackageProductDependency;
			package = FD611B0A2702F65800B04164 /* XCRemoteSwiftPackageReference "RxSwift" */;
			productName = RxSwift;
		};
		FD611B0D2702F65800B04164 /* RxCocoa */ = {
			isa = XCSwiftPackageProductDependency;
			package = FD611B0A2702F65800B04164 /* XCRemoteSwiftPackageReference "RxSwift" */;
			productName = RxCocoa;
		};
		FD611B0F2702F65800B04164 /* RxRelay */ = {
			isa = XCSwiftPackageProductDependency;
			package = FD611B0A2702F65800B04164 /* XCRemoteSwiftPackageReference "RxSwift" */;
			productName = RxRelay;
		};
		FD611B122702F69600B04164 /* SnapKit */ = {
			isa = XCSwiftPackageProductDependency;
			package = FD611B112702F69600B04164 /* XCRemoteSwiftPackageReference "SnapKit" */;
			productName = SnapKit;
		};
		FD611B1C2702F75000B04164 /* Kingfisher */ = {
			isa = XCSwiftPackageProductDependency;
			package = FD611B1B2702F75000B04164 /* XCRemoteSwiftPackageReference "Kingfisher" */;
			productName = Kingfisher;
		};
		FD611B1F2702F76A00B04164 /* Then */ = {
			isa = XCSwiftPackageProductDependency;
			package = FD611B1E2702F76A00B04164 /* XCRemoteSwiftPackageReference "Then" */;
			productName = Then;
		};
		FD611B222702F77C00B04164 /* TagListView */ = {
			isa = XCSwiftPackageProductDependency;
			package = FD611B212702F77C00B04164 /* XCRemoteSwiftPackageReference "TagListView" */;
			productName = TagListView;
		};
		FD611B282702F86F00B04164 /* Moya */ = {
			isa = XCSwiftPackageProductDependency;
			package = FD611B272702F86F00B04164 /* XCRemoteSwiftPackageReference "Moya" */;
			productName = Moya;
		};
		FD611B2A2702F86F00B04164 /* RxMoya */ = {
			isa = XCSwiftPackageProductDependency;
			package = FD611B272702F86F00B04164 /* XCRemoteSwiftPackageReference "Moya" */;
			productName = RxMoya;
		};
/* End XCSwiftPackageProductDependency section */
	};
	rootObject = FD2C80A826FC02910030C275 /* Project object */;
}
